
Microsoft Visual Studio Solution File, Format Version 12.00
# Visual Studio Version 17
VisualStudioVersion = 17.5.33516.290
MinimumVisualStudioVersion = 10.0.40219.1
Project("{FAE04EC0-301F-11D3-BF4B-00C04F79EFBC}") = "RussianRoulette", "RussianRoulette.csproj", "{ADBBC285-CB68-4D70-A2E6-0012D5D80532}"
EndProject
Global
	GlobalSection(SolutionConfigurationPlatforms) = preSolution
		Debug|Any CPU = Debug|Any CPU
		Release|Any CPU = Release|Any CPU
	EndGlobalSection
	GlobalSection(ProjectConfigurationPlatforms) = postSolution
		{ADBBC285-CB68-4D70-A2E6-0012D5D80532}.Debug|Any CPU.ActiveCfg = Debug|Any CPU
		{ADBBC285-CB68-4D70-A2E6-0012D5D80532}.Debug|Any CPU.Build.0 = Debug|Any CPU
		{ADBBC285-CB68-4D70-A2E6-0012D5D80532}.Release|Any CPU.ActiveCfg = Release|Any CPU
		{ADBBC285-CB68-4D70-A2E6-0012D5D80532}.Release|Any CPU.Build.0 = Release|Any CPU
	EndGlobalSection
	GlobalSection(SolutionProperties) = preSolution
		HideSolutionNode = FALSE
	EndGlobalSection
	GlobalSection(ExtensibilityGlobals) = postSolution
		SolutionGuid = {100C74E6-0BF4-471A-976A-BC7B833A673E}
	EndGlobalSection
EndGlobal
